
Microsoft Visual Studio Solution File, Format Version 12.00
# Visual Studio Version 16
VisualStudioVersion = 16.0.32930.78
MinimumVisualStudioVersion = 10.0.40219.1
Project("{FAE04EC0-301F-11D3-BF4B-00C04F79EFBC}") = "EXE5_20190140051_KELOMPOK3", "EXE5_20190140051_KELOMPOK3\EXE5_20190140051_KELOMPOK3.csproj", "{43CE9207-8047-4D6E-AA32-AC58571E9969}"
EndProject
Global
	GlobalSection(SolutionConfigurationPlatforms) = preSolution
		Debug|Any CPU = Debug|Any CPU
		Release|Any CPU = Release|Any CPU
	EndGlobalSection
	GlobalSection(ProjectConfigurationPlatforms) = postSolution
		{43CE9207-8047-4D6E-AA32-AC58571E9969}.Debug|Any CPU.ActiveCfg = Debug|Any CPU
		{43CE9207-8047-4D6E-AA32-AC58571E9969}.Debug|Any CPU.Build.0 = Debug|Any CPU
		{43CE9207-8047-4D6E-AA32-AC58571E9969}.Release|Any CPU.ActiveCfg = Release|Any CPU
		{43CE9207-8047-4D6E-AA32-AC58571E9969}.Release|Any CPU.Build.0 = Release|Any CPU
	EndGlobalSection
	GlobalSection(SolutionProperties) = preSolution
		HideSolutionNode = FALSE
	EndGlobalSection
	GlobalSection(ExtensibilityGlobals) = postSolution
		SolutionGuid = {A2665C8C-4AE8-4AC8-850A-2746A0C7B183}
	EndGlobalSection
EndGlobal
